
Microsoft Visual Studio Solution File, Format Version 12.00
# Visual Studio Version 16
VisualStudioVersion = 16.0.29911.84
MinimumVisualStudioVersion = 10.0.40219.1
Project("{FAE04EC0-301F-11D3-BF4B-00C04F79EFBC}") = "primeNumber", "primeNumber\primeNumber.csproj", "{1C14EFE2-00EE-4278-B4A8-835FEB56C717}"
EndProject
Project("{FAE04EC0-301F-11D3-BF4B-00C04F79EFBC}") = "factorialNumber", "factorialNumber\factorialNumber.csproj", "{64F1E90B-6A2D-447A-934F-48D120C6BCE1}"
EndProject
Project("{FAE04EC0-301F-11D3-BF4B-00C04F79EFBC}") = "reverseNumber", "reverseNumber\reverseNumber.csproj", "{BC4BF779-12E1-4D96-A8C0-33B56E807FF8}"
EndProject
Global
	GlobalSection(SolutionConfigurationPlatforms) = preSolution
		Debug|Any CPU = Debug|Any CPU
		Release|Any CPU = Release|Any CPU
	EndGlobalSection
	GlobalSection(ProjectConfigurationPlatforms) = postSolution
		{1C14EFE2-00EE-4278-B4A8-835FEB56C717}.Debug|Any CPU.ActiveCfg = Debug|Any CPU
		{1C14EFE2-00EE-4278-B4A8-835FEB56C717}.Debug|Any CPU.Build.0 = Debug|Any CPU
		{1C14EFE2-00EE-4278-B4A8-835FEB56C717}.Release|Any CPU.ActiveCfg = Release|Any CPU
		{1C14EFE2-00EE-4278-B4A8-835FEB56C717}.Release|Any CPU.Build.0 = Release|Any CPU
		{64F1E90B-6A2D-447A-934F-48D120C6BCE1}.Debug|Any CPU.ActiveCfg = Debug|Any CPU
		{64F1E90B-6A2D-447A-934F-48D120C6BCE1}.Debug|Any CPU.Build.0 = Debug|Any CPU
		{64F1E90B-6A2D-447A-934F-48D120C6BCE1}.Release|Any CPU.ActiveCfg = Release|Any CPU
		{64F1E90B-6A2D-447A-934F-48D120C6BCE1}.Release|Any CPU.Build.0 = Release|Any CPU
		{BC4BF779-12E1-4D96-A8C0-33B56E807FF8}.Debug|Any CPU.ActiveCfg = Debug|Any CPU
		{BC4BF779-12E1-4D96-A8C0-33B56E807FF8}.Debug|Any CPU.Build.0 = Debug|Any CPU
		{BC4BF779-12E1-4D96-A8C0-33B56E807FF8}.Release|Any CPU.ActiveCfg = Release|Any CPU
		{BC4BF779-12E1-4D96-A8C0-33B56E807FF8}.Release|Any CPU.Build.0 = Release|Any CPU
	EndGlobalSection
	GlobalSection(SolutionProperties) = preSolution
		HideSolutionNode = FALSE
	EndGlobalSection
	GlobalSection(ExtensibilityGlobals) = postSolution
		SolutionGuid = {B531C32C-3AFB-4EE2-A94E-C02CB2C17F2F}
	EndGlobalSection
EndGlobal
