
Microsoft Visual Studio Solution File, Format Version 12.00
# Visual Studio Version 16
VisualStudioVersion = 16.0.29911.84
MinimumVisualStudioVersion = 10.0.40219.1
Project("{FAE04EC0-301F-11D3-BF4B-00C04F79EFBC}") = "swapping", "swapping\swapping.csproj", "{2383163B-FB60-434C-9011-11D76C4A7DB0}"
EndProject
Project("{FAE04EC0-301F-11D3-BF4B-00C04F79EFBC}") = "Calculator", "Calculator\Calculator.csproj", "{6A59C502-E198-4B15-9022-BF73DE957291}"
EndProject
Global
	GlobalSection(SolutionConfigurationPlatforms) = preSolution
		Debug|Any CPU = Debug|Any CPU
		Release|Any CPU = Release|Any CPU
	EndGlobalSection
	GlobalSection(ProjectConfigurationPlatforms) = postSolution
		{2383163B-FB60-434C-9011-11D76C4A7DB0}.Debug|Any CPU.ActiveCfg = Debug|Any CPU
		{2383163B-FB60-434C-9011-11D76C4A7DB0}.Debug|Any CPU.Build.0 = Debug|Any CPU
		{2383163B-FB60-434C-9011-11D76C4A7DB0}.Release|Any CPU.ActiveCfg = Release|Any CPU
		{2383163B-FB60-434C-9011-11D76C4A7DB0}.Release|Any CPU.Build.0 = Release|Any CPU
		{6A59C502-E198-4B15-9022-BF73DE957291}.Debug|Any CPU.ActiveCfg = Debug|Any CPU
		{6A59C502-E198-4B15-9022-BF73DE957291}.Debug|Any CPU.Build.0 = Debug|Any CPU
		{6A59C502-E198-4B15-9022-BF73DE957291}.Release|Any CPU.ActiveCfg = Release|Any CPU
		{6A59C502-E198-4B15-9022-BF73DE957291}.Release|Any CPU.Build.0 = Release|Any CPU
	EndGlobalSection
	GlobalSection(SolutionProperties) = preSolution
		HideSolutionNode = FALSE
	EndGlobalSection
	GlobalSection(ExtensibilityGlobals) = postSolution
		SolutionGuid = {5D5EEA76-7BFC-4440-B2F7-EFD9C11FE0D0}
	EndGlobalSection
EndGlobal
