
Microsoft Visual Studio Solution File, Format Version 12.00
# Visual Studio Version 16
VisualStudioVersion = 16.0.29911.84
MinimumVisualStudioVersion = 10.0.40219.1
Project("{FAE04EC0-301F-11D3-BF4B-00C04F79EFBC}") = "delegates", "delegates\delegates.csproj", "{4E09CDFF-0D22-4462-AE66-A2E3BD048DC4}"
EndProject
Project("{FAE04EC0-301F-11D3-BF4B-00C04F79EFBC}") = "delegatesDemo1", "delegatesDemo1\delegatesDemo1.csproj", "{24300B10-918A-4E62-9DDC-5D9FCE579ED4}"
EndProject
Project("{FAE04EC0-301F-11D3-BF4B-00C04F79EFBC}") = "multicastDelagates", "multicastDelagates\multicastDelagates.csproj", "{5141435B-E8BE-4878-B192-6148F30BA6AF}"
EndProject
Global
	GlobalSection(SolutionConfigurationPlatforms) = preSolution
		Debug|Any CPU = Debug|Any CPU
		Release|Any CPU = Release|Any CPU
	EndGlobalSection
	GlobalSection(ProjectConfigurationPlatforms) = postSolution
		{4E09CDFF-0D22-4462-AE66-A2E3BD048DC4}.Debug|Any CPU.ActiveCfg = Debug|Any CPU
		{4E09CDFF-0D22-4462-AE66-A2E3BD048DC4}.Debug|Any CPU.Build.0 = Debug|Any CPU
		{4E09CDFF-0D22-4462-AE66-A2E3BD048DC4}.Release|Any CPU.ActiveCfg = Release|Any CPU
		{4E09CDFF-0D22-4462-AE66-A2E3BD048DC4}.Release|Any CPU.Build.0 = Release|Any CPU
		{24300B10-918A-4E62-9DDC-5D9FCE579ED4}.Debug|Any CPU.ActiveCfg = Debug|Any CPU
		{24300B10-918A-4E62-9DDC-5D9FCE579ED4}.Debug|Any CPU.Build.0 = Debug|Any CPU
		{24300B10-918A-4E62-9DDC-5D9FCE579ED4}.Release|Any CPU.ActiveCfg = Release|Any CPU
		{24300B10-918A-4E62-9DDC-5D9FCE579ED4}.Release|Any CPU.Build.0 = Release|Any CPU
		{5141435B-E8BE-4878-B192-6148F30BA6AF}.Debug|Any CPU.ActiveCfg = Debug|Any CPU
		{5141435B-E8BE-4878-B192-6148F30BA6AF}.Debug|Any CPU.Build.0 = Debug|Any CPU
		{5141435B-E8BE-4878-B192-6148F30BA6AF}.Release|Any CPU.ActiveCfg = Release|Any CPU
		{5141435B-E8BE-4878-B192-6148F30BA6AF}.Release|Any CPU.Build.0 = Release|Any CPU
	EndGlobalSection
	GlobalSection(SolutionProperties) = preSolution
		HideSolutionNode = FALSE
	EndGlobalSection
	GlobalSection(ExtensibilityGlobals) = postSolution
		SolutionGuid = {29791DD7-E2DF-4C9E-B424-F7A601F4C34D}
	EndGlobalSection
EndGlobal
