
Microsoft Visual Studio Solution File, Format Version 12.00
# Visual Studio Version 16
VisualStudioVersion = 16.0.29911.84
MinimumVisualStudioVersion = 10.0.40219.1
Project("{FAE04EC0-301F-11D3-BF4B-00C04F79EFBC}") = "demo1", "demo1\demo1.csproj", "{45AFEA93-8D42-4AD5-BAF1-A9A11CAA7408}"
EndProject
Project("{FAE04EC0-301F-11D3-BF4B-00C04F79EFBC}") = "propertiesDemo", "..\Properties\propertiesDemo\propertiesDemo.csproj", "{0AC61BB9-E4A5-4D29-B6F9-F084AFD87101}"
EndProject
Global
	GlobalSection(SolutionConfigurationPlatforms) = preSolution
		Debug|Any CPU = Debug|Any CPU
		Release|Any CPU = Release|Any CPU
	EndGlobalSection
	GlobalSection(ProjectConfigurationPlatforms) = postSolution
		{45AFEA93-8D42-4AD5-BAF1-A9A11CAA7408}.Debug|Any CPU.ActiveCfg = Debug|Any CPU
		{45AFEA93-8D42-4AD5-BAF1-A9A11CAA7408}.Debug|Any CPU.Build.0 = Debug|Any CPU
		{45AFEA93-8D42-4AD5-BAF1-A9A11CAA7408}.Release|Any CPU.ActiveCfg = Release|Any CPU
		{45AFEA93-8D42-4AD5-BAF1-A9A11CAA7408}.Release|Any CPU.Build.0 = Release|Any CPU
		{0AC61BB9-E4A5-4D29-B6F9-F084AFD87101}.Debug|Any CPU.ActiveCfg = Debug|Any CPU
		{0AC61BB9-E4A5-4D29-B6F9-F084AFD87101}.Debug|Any CPU.Build.0 = Debug|Any CPU
		{0AC61BB9-E4A5-4D29-B6F9-F084AFD87101}.Release|Any CPU.ActiveCfg = Release|Any CPU
		{0AC61BB9-E4A5-4D29-B6F9-F084AFD87101}.Release|Any CPU.Build.0 = Release|Any CPU
	EndGlobalSection
	GlobalSection(SolutionProperties) = preSolution
		HideSolutionNode = FALSE
	EndGlobalSection
	GlobalSection(ExtensibilityGlobals) = postSolution
		SolutionGuid = {A6EB4781-7EFA-423B-B24D-818854BABD8A}
	EndGlobalSection
EndGlobal
