
Microsoft Visual Studio Solution File, Format Version 12.00
# Visual Studio Version 16
VisualStudioVersion = 16.0.29911.84
MinimumVisualStudioVersion = 10.0.40219.1
Project("{FAE04EC0-301F-11D3-BF4B-00C04F79EFBC}") = "highestNumber", "highestNumber\highestNumber.csproj", "{1AC32C3F-9D78-4DAC-A2B2-81EF428D6189}"
EndProject
Project("{FAE04EC0-301F-11D3-BF4B-00C04F79EFBC}") = "palindromeCheck", "..\Assignments (23-03-2020)\palindromeCheck\palindromeCheck.csproj", "{D51D703C-F7B4-4D8B-A38C-CF3F31AE65BB}"
EndProject
Global
	GlobalSection(SolutionConfigurationPlatforms) = preSolution
		Debug|Any CPU = Debug|Any CPU
		Release|Any CPU = Release|Any CPU
	EndGlobalSection
	GlobalSection(ProjectConfigurationPlatforms) = postSolution
		{1AC32C3F-9D78-4DAC-A2B2-81EF428D6189}.Debug|Any CPU.ActiveCfg = Debug|Any CPU
		{1AC32C3F-9D78-4DAC-A2B2-81EF428D6189}.Debug|Any CPU.Build.0 = Debug|Any CPU
		{1AC32C3F-9D78-4DAC-A2B2-81EF428D6189}.Release|Any CPU.ActiveCfg = Release|Any CPU
		{1AC32C3F-9D78-4DAC-A2B2-81EF428D6189}.Release|Any CPU.Build.0 = Release|Any CPU
		{D51D703C-F7B4-4D8B-A38C-CF3F31AE65BB}.Debug|Any CPU.ActiveCfg = Debug|Any CPU
		{D51D703C-F7B4-4D8B-A38C-CF3F31AE65BB}.Debug|Any CPU.Build.0 = Debug|Any CPU
		{D51D703C-F7B4-4D8B-A38C-CF3F31AE65BB}.Release|Any CPU.ActiveCfg = Release|Any CPU
		{D51D703C-F7B4-4D8B-A38C-CF3F31AE65BB}.Release|Any CPU.Build.0 = Release|Any CPU
	EndGlobalSection
	GlobalSection(SolutionProperties) = preSolution
		HideSolutionNode = FALSE
	EndGlobalSection
	GlobalSection(ExtensibilityGlobals) = postSolution
		SolutionGuid = {06A09592-B483-4C09-9539-7587012300F6}
	EndGlobalSection
EndGlobal
